
Microsoft Visual Studio Solution File, Format Version 12.00
# Visual Studio Version 16
VisualStudioVersion = 16.0.31321.278
MinimumVisualStudioVersion = 10.0.40219.1
Project("{FAE04EC0-301F-11D3-BF4B-00C04F79EFBC}") = "TestApp.Android", "TestApp\TestApp.Android\TestApp.Android.csproj", "{93399801-73AC-4342-B8ED-464D84057192}"
EndProject
Project("{FAE04EC0-301F-11D3-BF4B-00C04F79EFBC}") = "TestApp.iOS", "TestApp\TestApp.iOS\TestApp.iOS.csproj", "{61D7FD51-94BF-4CE4-9B96-A93200A0FC9F}"
EndProject
Project("{FAE04EC0-301F-11D3-BF4B-00C04F79EFBC}") = "TestApp", "TestApp\TestApp\TestApp.csproj", "{FC37CA5F-BA91-4A84-A15B-77C70849832D}"
EndProject
Global
	GlobalSection(SolutionConfigurationPlatforms) = preSolution
		Debug|Any CPU = Debug|Any CPU
		Debug|iPhone = Debug|iPhone
		Debug|iPhoneSimulator = Debug|iPhoneSimulator
		Release|Any CPU = Release|Any CPU
		Release|iPhone = Release|iPhone
		Release|iPhoneSimulator = Release|iPhoneSimulator
	EndGlobalSection
	GlobalSection(ProjectConfigurationPlatforms) = postSolution
		{93399801-73AC-4342-B8ED-464D84057192}.Debug|Any CPU.ActiveCfg = Debug|Any CPU
		{93399801-73AC-4342-B8ED-464D84057192}.Debug|Any CPU.Build.0 = Debug|Any CPU
		{93399801-73AC-4342-B8ED-464D84057192}.Debug|Any CPU.Deploy.0 = Debug|Any CPU
		{93399801-73AC-4342-B8ED-464D84057192}.Debug|iPhone.ActiveCfg = Debug|Any CPU
		{93399801-73AC-4342-B8ED-464D84057192}.Debug|iPhone.Build.0 = Debug|Any CPU
		{93399801-73AC-4342-B8ED-464D84057192}.Debug|iPhone.Deploy.0 = Debug|Any CPU
		{93399801-73AC-4342-B8ED-464D84057192}.Debug|iPhoneSimulator.ActiveCfg = Debug|Any CPU
		{93399801-73AC-4342-B8ED-464D84057192}.Debug|iPhoneSimulator.Build.0 = Debug|Any CPU
		{93399801-73AC-4342-B8ED-464D84057192}.Debug|iPhoneSimulator.Deploy.0 = Debug|Any CPU
		{93399801-73AC-4342-B8ED-464D84057192}.Release|Any CPU.ActiveCfg = Release|Any CPU
		{93399801-73AC-4342-B8ED-464D84057192}.Release|Any CPU.Build.0 = Release|Any CPU
		{93399801-73AC-4342-B8ED-464D84057192}.Release|Any CPU.Deploy.0 = Release|Any CPU
		{93399801-73AC-4342-B8ED-464D84057192}.Release|iPhone.ActiveCfg = Release|Any CPU
		{93399801-73AC-4342-B8ED-464D84057192}.Release|iPhone.Build.0 = Release|Any CPU
		{93399801-73AC-4342-B8ED-464D84057192}.Release|iPhone.Deploy.0 = Release|Any CPU
		{93399801-73AC-4342-B8ED-464D84057192}.Release|iPhoneSimulator.ActiveCfg = Release|Any CPU
		{93399801-73AC-4342-B8ED-464D84057192}.Release|iPhoneSimulator.Build.0 = Release|Any CPU
		{93399801-73AC-4342-B8ED-464D84057192}.Release|iPhoneSimulator.Deploy.0 = Release|Any CPU
		{61D7FD51-94BF-4CE4-9B96-A93200A0FC9F}.Debug|Any CPU.ActiveCfg = Debug|iPhone
		{61D7FD51-94BF-4CE4-9B96-A93200A0FC9F}.Debug|Any CPU.Build.0 = Debug|iPhone
		{61D7FD51-94BF-4CE4-9B96-A93200A0FC9F}.Debug|Any CPU.Deploy.0 = Debug|iPhone
		{61D7FD51-94BF-4CE4-9B96-A93200A0FC9F}.Debug|iPhone.ActiveCfg = Debug|iPhone
		{61D7FD51-94BF-4CE4-9B96-A93200A0FC9F}.Debug|iPhone.Build.0 = Debug|iPhone
		{61D7FD51-94BF-4CE4-9B96-A93200A0FC9F}.Debug|iPhone.Deploy.0 = Debug|iPhone
		{61D7FD51-94BF-4CE4-9B96-A93200A0FC9F}.Debug|iPhoneSimulator.ActiveCfg = Debug|iPhoneSimulator
		{61D7FD51-94BF-4CE4-9B96-A93200A0FC9F}.Debug|iPhoneSimulator.Build.0 = Debug|iPhoneSimulator
		{61D7FD51-94BF-4CE4-9B96-A93200A0FC9F}.Debug|iPhoneSimulator.Deploy.0 = Debug|iPhoneSimulator
		{61D7FD51-94BF-4CE4-9B96-A93200A0FC9F}.Release|Any CPU.ActiveCfg = Release|iPhoneSimulator
		{61D7FD51-94BF-4CE4-9B96-A93200A0FC9F}.Release|Any CPU.Build.0 = Release|iPhoneSimulator
		{61D7FD51-94BF-4CE4-9B96-A93200A0FC9F}.Release|Any CPU.Deploy.0 = Release|iPhoneSimulator
		{61D7FD51-94BF-4CE4-9B96-A93200A0FC9F}.Release|iPhone.ActiveCfg = Release|iPhone
		{61D7FD51-94BF-4CE4-9B96-A93200A0FC9F}.Release|iPhone.Build.0 = Release|iPhone
		{61D7FD51-94BF-4CE4-9B96-A93200A0FC9F}.Release|iPhone.Deploy.0 = Release|iPhone
		{61D7FD51-94BF-4CE4-9B96-A93200A0FC9F}.Release|iPhoneSimulator.ActiveCfg = Release|iPhoneSimulator
		{61D7FD51-94BF-4CE4-9B96-A93200A0FC9F}.Release|iPhoneSimulator.Build.0 = Release|iPhoneSimulator
		{61D7FD51-94BF-4CE4-9B96-A93200A0FC9F}.Release|iPhoneSimulator.Deploy.0 = Release|iPhoneSimulator
		{FC37CA5F-BA91-4A84-A15B-77C70849832D}.Debug|Any CPU.ActiveCfg = Debug|Any CPU
		{FC37CA5F-BA91-4A84-A15B-77C70849832D}.Debug|Any CPU.Build.0 = Debug|Any CPU
		{FC37CA5F-BA91-4A84-A15B-77C70849832D}.Debug|Any CPU.Deploy.0 = Debug|Any CPU
		{FC37CA5F-BA91-4A84-A15B-77C70849832D}.Debug|iPhone.ActiveCfg = Debug|Any CPU
		{FC37CA5F-BA91-4A84-A15B-77C70849832D}.Debug|iPhone.Build.0 = Debug|Any CPU
		{FC37CA5F-BA91-4A84-A15B-77C70849832D}.Debug|iPhone.Deploy.0 = Debug|Any CPU
		{FC37CA5F-BA91-4A84-A15B-77C70849832D}.Debug|iPhoneSimulator.ActiveCfg = Debug|Any CPU
		{FC37CA5F-BA91-4A84-A15B-77C70849832D}.Debug|iPhoneSimulator.Build.0 = Debug|Any CPU
		{FC37CA5F-BA91-4A84-A15B-77C70849832D}.Debug|iPhoneSimulator.Deploy.0 = Debug|Any CPU
		{FC37CA5F-BA91-4A84-A15B-77C70849832D}.Release|Any CPU.ActiveCfg = Release|Any CPU
		{FC37CA5F-BA91-4A84-A15B-77C70849832D}.Release|Any CPU.Build.0 = Release|Any CPU
		{FC37CA5F-BA91-4A84-A15B-77C70849832D}.Release|Any CPU.Deploy.0 = Release|Any CPU
		{FC37CA5F-BA91-4A84-A15B-77C70849832D}.Release|iPhone.ActiveCfg = Release|Any CPU
		{FC37CA5F-BA91-4A84-A15B-77C70849832D}.Release|iPhone.Build.0 = Release|Any CPU
		{FC37CA5F-BA91-4A84-A15B-77C70849832D}.Release|iPhone.Deploy.0 = Release|Any CPU
		{FC37CA5F-BA91-4A84-A15B-77C70849832D}.Release|iPhoneSimulator.ActiveCfg = Release|Any CPU
		{FC37CA5F-BA91-4A84-A15B-77C70849832D}.Release|iPhoneSimulator.Build.0 = Release|Any CPU
		{FC37CA5F-BA91-4A84-A15B-77C70849832D}.Release|iPhoneSimulator.Deploy.0 = Release|Any CPU
	EndGlobalSection
	GlobalSection(SolutionProperties) = preSolution
		HideSolutionNode = FALSE
	EndGlobalSection
	GlobalSection(ExtensibilityGlobals) = postSolution
		SolutionGuid = {E6EF6DFF-B19E-461E-B6DA-787CC51D6015}
	EndGlobalSection
EndGlobal
